
Microsoft Visual Studio Solution File, Format Version 12.00
# Visual Studio 15
VisualStudioVersion = 15.0.26228.4
MinimumVisualStudioVersion = 10.0.40219.1
Project("{FAE04EC0-301F-11D3-BF4B-00C04F79EFBC}") = "WebApplication1", "WebApplication1\WebApplication1.csproj", "{83FCD144-1363-4797-A6D1-407AFB5B5374}"
EndProject
Project("{FAE04EC0-301F-11D3-BF4B-00C04F79EFBC}") = "WebApplication1.Tests", "WebApplication1.Tests\WebApplication1.Tests.csproj", "{E2B32685-EC27-4809-96DE-E389E3EAD14C}"
EndProject
Project("{FAE04EC0-301F-11D3-BF4B-00C04F79EFBC}") = "ApiApp", "ApiApp\ApiApp.csproj", "{91D8DEAF-5792-4DBB-AA14-5E897A19D30E}"
EndProject
Global
	GlobalSection(SolutionConfigurationPlatforms) = preSolution
		Debug|Any CPU = Debug|Any CPU
		Release|Any CPU = Release|Any CPU
	EndGlobalSection
	GlobalSection(ProjectConfigurationPlatforms) = postSolution
		{83FCD144-1363-4797-A6D1-407AFB5B5374}.Debug|Any CPU.ActiveCfg = Debug|Any CPU
		{83FCD144-1363-4797-A6D1-407AFB5B5374}.Debug|Any CPU.Build.0 = Debug|Any CPU
		{83FCD144-1363-4797-A6D1-407AFB5B5374}.Release|Any CPU.ActiveCfg = Release|Any CPU
		{83FCD144-1363-4797-A6D1-407AFB5B5374}.Release|Any CPU.Build.0 = Release|Any CPU
		{E2B32685-EC27-4809-96DE-E389E3EAD14C}.Debug|Any CPU.ActiveCfg = Debug|Any CPU
		{E2B32685-EC27-4809-96DE-E389E3EAD14C}.Debug|Any CPU.Build.0 = Debug|Any CPU
		{E2B32685-EC27-4809-96DE-E389E3EAD14C}.Release|Any CPU.ActiveCfg = Release|Any CPU
		{E2B32685-EC27-4809-96DE-E389E3EAD14C}.Release|Any CPU.Build.0 = Release|Any CPU
		{91D8DEAF-5792-4DBB-AA14-5E897A19D30E}.Debug|Any CPU.ActiveCfg = Debug|Any CPU
		{91D8DEAF-5792-4DBB-AA14-5E897A19D30E}.Debug|Any CPU.Build.0 = Debug|Any CPU
		{91D8DEAF-5792-4DBB-AA14-5E897A19D30E}.Release|Any CPU.ActiveCfg = Release|Any CPU
		{91D8DEAF-5792-4DBB-AA14-5E897A19D30E}.Release|Any CPU.Build.0 = Release|Any CPU
	EndGlobalSection
	GlobalSection(SolutionProperties) = preSolution
		HideSolutionNode = FALSE
	EndGlobalSection
EndGlobal
